
Microsoft Visual Studio Solution File, Format Version 12.00
# Visual Studio Version 16
VisualStudioVersion = 16.0.31410.357
MinimumVisualStudioVersion = 10.0.40219.1
Project("{FAE04EC0-301F-11D3-BF4B-00C04F79EFBC}") = "Lab01Sis204RiosCristopher", "Lab01Sis204RiosCristopher.csproj", "{D72B25A4-2AE5-4487-A934-6C4A21077FD3}"
EndProject
Global
	GlobalSection(SolutionConfigurationPlatforms) = preSolution
		Debug|Any CPU = Debug|Any CPU
		Release|Any CPU = Release|Any CPU
	EndGlobalSection
	GlobalSection(ProjectConfigurationPlatforms) = postSolution
		{D72B25A4-2AE5-4487-A934-6C4A21077FD3}.Debug|Any CPU.ActiveCfg = Debug|Any CPU
		{D72B25A4-2AE5-4487-A934-6C4A21077FD3}.Debug|Any CPU.Build.0 = Debug|Any CPU
		{D72B25A4-2AE5-4487-A934-6C4A21077FD3}.Release|Any CPU.ActiveCfg = Release|Any CPU
		{D72B25A4-2AE5-4487-A934-6C4A21077FD3}.Release|Any CPU.Build.0 = Release|Any CPU
	EndGlobalSection
	GlobalSection(SolutionProperties) = preSolution
		HideSolutionNode = FALSE
	EndGlobalSection
	GlobalSection(ExtensibilityGlobals) = postSolution
		SolutionGuid = {487C0020-02E8-4FF3-B85B-379CCB0080AE}
	EndGlobalSection
EndGlobal
